
Microsoft Visual Studio Solution File, Format Version 12.00
# Visual Studio 15
VisualStudioVersion = 15.0.27703.2042
MinimumVisualStudioVersion = 10.0.40219.1
Project("{FAE04EC0-301F-11D3-BF4B-00C04F79EFBC}") = "SqlServerDataProtectionProvider", "SqlServerDataProtectionProvider\SqlServerDataProtectionProvider.csproj", "{76A11A99-9C6A-442C-B8DE-D146FEEB8253}"
EndProject
Global
	GlobalSection(SolutionConfigurationPlatforms) = preSolution
		Debug|Any CPU = Debug|Any CPU
		Release|Any CPU = Release|Any CPU
	EndGlobalSection
	GlobalSection(ProjectConfigurationPlatforms) = postSolution
		{76A11A99-9C6A-442C-B8DE-D146FEEB8253}.Debug|Any CPU.ActiveCfg = Debug|Any CPU
		{76A11A99-9C6A-442C-B8DE-D146FEEB8253}.Debug|Any CPU.Build.0 = Debug|Any CPU
		{76A11A99-9C6A-442C-B8DE-D146FEEB8253}.Release|Any CPU.ActiveCfg = Release|Any CPU
		{76A11A99-9C6A-442C-B8DE-D146FEEB8253}.Release|Any CPU.Build.0 = Release|Any CPU
	EndGlobalSection
	GlobalSection(SolutionProperties) = preSolution
		HideSolutionNode = FALSE
	EndGlobalSection
	GlobalSection(ExtensibilityGlobals) = postSolution
		SolutionGuid = {27F3FBF1-DA44-47BD-8B50-C3D9D53D2C99}
	EndGlobalSection
EndGlobal
